// !$*UTF8*$!
{
	archiveVersion = 1;
	classes = {
	};
	objectVersion = 46;
	objects = {

/* Begin PBXBuildFile section */
		3322AF421A979751009AF266 /* libmysqlclient.a in Frameworks */ = {isa = PBXBuildFile; fileRef = 3322AF411A979751009AF266 /* libmysqlclient.a */; };
		33E255711AB75E39002C2EB4 /* GameDatabase.cpp in Sources */ = {isa = PBXBuildFile; fileRef = 33E2556F1AB75E39002C2EB4 /* GameDatabase.cpp */; };
		33F1366D1A918FB6009EBCAF /* GameServer.cpp in Sources */ = {isa = PBXBuildFile; fileRef = 33F1366B1A918FB6009EBCAF /* GameServer.cpp */; };
		953BCDD5182A11AF00E9645B /* main.cpp in Sources */ = {isa = PBXBuildFile; fileRef = 953BCDD4182A11AF00E9645B /* main.cpp */; };
		953BCDDF182A125600E9645B /* StarSocketServer.cpp in Sources */ = {isa = PBXBuildFile; fileRef = 953BCDDD182A125600E9645B /* StarSocketServer.cpp */; };
/* End PBXBuildFile section */

/* Begin PBXCopyFilesBuildPhase section */
		953BCDCE182A11AF00E9645B /* CopyFiles */ = {
			isa = PBXCopyFilesBuildPhase;
			buildActionMask = 2147483647;
			dstPath = /usr/share/man/man1/;
			dstSubfolderSpec = 0;
			files = (
			);
			runOnlyForDeploymentPostprocessing = 1;
		};
/* End PBXCopyFilesBuildPhase section */

/* Begin PBXFileReference section */
		3322AF411A979751009AF266 /* libmysqlclient.a */ = {isa = PBXFileReference; lastKnownFileType = archive.ar; name = libmysqlclient.a; path = MySQL/lib/libmysqlclient.a; sourceTree = "<group>"; };
		33E2556F1AB75E39002C2EB4 /* GameDatabase.cpp */ = {isa = PBXFileReference; fileEncoding = 4; lastKnownFileType = sourcecode.cpp.cpp; name = GameDatabase.cpp; path = StarServer/GameDatabase.cpp; sourceTree = "<group>"; };
		33E255701AB75E39002C2EB4 /* GameDatabase.h */ = {isa = PBXFileReference; fileEncoding = 4; lastKnownFileType = sourcecode.c.h; name = GameDatabase.h; path = StarServer/GameDatabase.h; sourceTree = "<group>"; };
		33F1366B1A918FB6009EBCAF /* GameServer.cpp */ = {isa = PBXFileReference; fileEncoding = 4; lastKnownFileType = sourcecode.cpp.cpp; name = GameServer.cpp; path = StarServer/GameServer.cpp; sourceTree = "<group>"; };
		33F1366C1A918FB6009EBCAF /* GameServer.h */ = {isa = PBXFileReference; fileEncoding = 4; lastKnownFileType = sourcecode.c.h; name = GameServer.h; path = StarServer/GameServer.h; sourceTree = "<group>"; };
		953BCDD0182A11AF00E9645B /* BiggestServer */ = {isa = PBXFileReference; explicitFileType = "compiled.mach-o.executable"; includeInIndex = 0; path = BiggestServer; sourceTree = BUILT_PRODUCTS_DIR; };
		953BCDD4182A11AF00E9645B /* main.cpp */ = {isa = PBXFileReference; lastKnownFileType = sourcecode.cpp.cpp; path = main.cpp; sourceTree = "<group>"; };
		953BCDDD182A125600E9645B /* StarSocketServer.cpp */ = {isa = PBXFileReference; fileEncoding = 4; lastKnownFileType = sourcecode.cpp.cpp; path = StarSocketServer.cpp; sourceTree = "<group>"; };
		953BCDDE182A125600E9645B /* StarSocketServer.h */ = {isa = PBXFileReference; fileEncoding = 4; lastKnownFileType = sourcecode.c.h; path = StarSocketServer.h; sourceTree = "<group>"; };
/* End PBXFileReference section */

/* Begin PBXFrameworksBuildPhase section */
		953BCDCD182A11AF00E9645B /* Frameworks */ = {
			isa = PBXFrameworksBuildPhase;
			buildActionMask = 2147483647;
			files = (
				3322AF421A979751009AF266 /* libmysqlclient.a in Frameworks */,
			);
			runOnlyForDeploymentPostprocessing = 0;
		};
/* End PBXFrameworksBuildPhase section */

/* Begin PBXGroup section */
		33AE01091A646B8B001BA34B /* CoreGame */ = {
			isa = PBXGroup;
			children = (
				33F1366B1A918FB6009EBCAF /* GameServer.cpp */,
				33F1366C1A918FB6009EBCAF /* GameServer.h */,
				33E2556F1AB75E39002C2EB4 /* GameDatabase.cpp */,
				33E255701AB75E39002C2EB4 /* GameDatabase.h */,
			);
			name = CoreGame;
			sourceTree = "<group>";
		};
		953BCDC5182A11AF00E9645B = {
			isa = PBXGroup;
			children = (
				3322AF411A979751009AF266 /* libmysqlclient.a */,
				33AE01091A646B8B001BA34B /* CoreGame */,
				953BCDD3182A11AF00E9645B /* CoreServer */,
				953BCDD1182A11AF00E9645B /* Products */,
			);
			sourceTree = "<group>";
		};
		953BCDD1182A11AF00E9645B /* Products */ = {
			isa = PBXGroup;
			children = (
				953BCDD0182A11AF00E9645B /* BiggestServer */,
			);
			name = Products;
			sourceTree = "<group>";
		};
		953BCDD3182A11AF00E9645B /* CoreServer */ = {
			isa = PBXGroup;
			children = (
				953BCDD4182A11AF00E9645B /* main.cpp */,
				953BCDDD182A125600E9645B /* StarSocketServer.cpp */,
				953BCDDE182A125600E9645B /* StarSocketServer.h */,
			);
			name = CoreServer;
			path = StarServer;
			sourceTree = "<group>";
		};
/* End PBXGroup section */

/* Begin PBXNativeTarget section */
		953BCDCF182A11AF00E9645B /* BiggestServer */ = {
			isa = PBXNativeTarget;
			buildConfigurationList = 953BCDDA182A11AF00E9645B /* Build configuration list for PBXNativeTarget "BiggestServer" */;
			buildPhases = (
				953BCDCC182A11AF00E9645B /* Sources */,
				953BCDCD182A11AF00E9645B /* Frameworks */,
				953BCDCE182A11AF00E9645B /* CopyFiles */,
			);
			buildRules = (
			);
			dependencies = (
			);
			name = BiggestServer;
			productName = StarServer;
			productReference = 953BCDD0182A11AF00E9645B /* BiggestServer */;
			productType = "com.apple.product-type.tool";
		};
/* End PBXNativeTarget section */

/* Begin PBXProject section */
		953BCDC7182A11AF00E9645B /* Project object */ = {
			isa = PBXProject;
			attributes = {
				CLASSPREFIX = DT;
				LastUpgradeCheck = 0610;
				ORGANIZATIONNAME = "THANAKARN LORLERTSAKUL";
			};
			buildConfigurationList = 953BCDCA182A11AF00E9645B /* Build configuration list for PBXProject "BiggestServer" */;
			compatibilityVersion = "Xcode 3.2";
			developmentRegion = English;
			hasScannedForEncodings = 0;
			knownRegions = (
				en,
			);
			mainGroup = 953BCDC5182A11AF00E9645B;
			productRefGroup = 953BCDD1182A11AF00E9645B /* Products */;
			projectDirPath = "";
			projectRoot = "";
			targets = (
				953BCDCF182A11AF00E9645B /* BiggestServer */,
			);
		};
/* End PBXProject section */

/* Begin PBXSourcesBuildPhase section */
		953BCDCC182A11AF00E9645B /* Sources */ = {
			isa = PBXSourcesBuildPhase;
			buildActionMask = 2147483647;
			files = (
				33F1366D1A918FB6009EBCAF /* GameServer.cpp in Sources */,
				953BCDD5182A11AF00E9645B /* main.cpp in Sources */,
				33E255711AB75E39002C2EB4 /* GameDatabase.cpp in Sources */,
				953BCDDF182A125600E9645B /* StarSocketServer.cpp in Sources */,
			);
			runOnlyForDeploymentPostprocessing = 0;
		};
/* End PBXSourcesBuildPhase section */

/* Begin XCBuildConfiguration section */
		953BCDD8182A11AF00E9645B /* Debug */ = {
			isa = XCBuildConfiguration;
			buildSettings = {
				ALWAYS_SEARCH_USER_PATHS = NO;
				CLANG_CXX_LANGUAGE_STANDARD = "gnu++0x";
				CLANG_CXX_LIBRARY = "libc++";
				CLANG_WARN_EMPTY_BODY = YES;
				CLANG_WARN__DUPLICATE_METHOD_MATCH = YES;
				COPY_PHASE_STRIP = NO;
				FRAMEWORK_SEARCH_PATHS = "";
				GCC_C_LANGUAGE_STANDARD = gnu99;
				GCC_DYNAMIC_NO_PIC = NO;
				GCC_ENABLE_OBJC_EXCEPTIONS = YES;
				GCC_OPTIMIZATION_LEVEL = 0;
				GCC_PREPROCESSOR_DEFINITIONS = (
					"DEBUG=1",
					"$(inherited)",
				);
				GCC_SYMBOLS_PRIVATE_EXTERN = NO;
				GCC_WARN_64_TO_32_BIT_CONVERSION = YES;
				GCC_WARN_ABOUT_RETURN_TYPE = YES;
				GCC_WARN_UNINITIALIZED_AUTOS = YES;
				GCC_WARN_UNUSED_VARIABLE = YES;
				HEADER_SEARCH_PATHS = MySQL/include;
				LIBRARY_SEARCH_PATHS = MySQL/lib;
				MACOSX_DEPLOYMENT_TARGET = 10.7;
				ONLY_ACTIVE_ARCH = YES;
				SDKROOT = macosx;
			};
			name = Debug;
		};
		953BCDD9182A11AF00E9645B /* Release */ = {
			isa = XCBuildConfiguration;
			buildSettings = {
				ALWAYS_SEARCH_USER_PATHS = NO;
				CLANG_CXX_LANGUAGE_STANDARD = "gnu++0x";
				CLANG_CXX_LIBRARY = "libc++";
				CLANG_WARN_EMPTY_BODY = YES;
				CLANG_WARN__DUPLICATE_METHOD_MATCH = YES;
				COPY_PHASE_STRIP = YES;
				DEBUG_INFORMATION_FORMAT = "dwarf-with-dsym";
				FRAMEWORK_SEARCH_PATHS = "";
				GCC_C_LANGUAGE_STANDARD = gnu99;
				GCC_ENABLE_OBJC_EXCEPTIONS = YES;
				GCC_WARN_64_TO_32_BIT_CONVERSION = YES;
				GCC_WARN_ABOUT_RETURN_TYPE = YES;
				GCC_WARN_UNINITIALIZED_AUTOS = YES;
				GCC_WARN_UNUSED_VARIABLE = YES;
				HEADER_SEARCH_PATHS = MySQL/include;
				LIBRARY_SEARCH_PATHS = MySQL/lib;
				MACOSX_DEPLOYMENT_TARGET = 10.7;
				SDKROOT = macosx;
			};
			name = Release;
		};
		953BCDDB182A11AF00E9645B /* Debug */ = {
			isa = XCBuildConfiguration;
			buildSettings = {
				FRAMEWORK_SEARCH_PATHS = "";
				HEADER_SEARCH_PATHS = "$(inherited)";
				LIBRARY_SEARCH_PATHS = (
					"$(inherited)",
					"$(PROJECT_DIR)/MySQL/lib",
				);
				OTHER_LDFLAGS = "";
				PRODUCT_NAME = BiggestServer;
				SDKROOT = macosx;
			};
			name = Debug;
		};
		953BCDDC182A11AF00E9645B /* Release */ = {
			isa = XCBuildConfiguration;
			buildSettings = {
				FRAMEWORK_SEARCH_PATHS = "";
				HEADER_SEARCH_PATHS = "$(inherited)";
				LIBRARY_SEARCH_PATHS = (
					"$(inherited)",
					"$(PROJECT_DIR)/MySQL/lib",
				);
				OTHER_LDFLAGS = "";
				PRODUCT_NAME = BiggestServer;
				SDKROOT = macosx;
			};
			name = Release;
		};
/* End XCBuildConfiguration section */

/* Begin XCConfigurationList section */
		953BCDCA182A11AF00E9645B /* Build configuration list for PBXProject "BiggestServer" */ = {
			isa = XCConfigurationList;
			buildConfigurations = (
				953BCDD8182A11AF00E9645B /* Debug */,
				953BCDD9182A11AF00E9645B /* Release */,
			);
			defaultConfigurationIsVisible = 0;
			defaultConfigurationName = Release;
		};
		953BCDDA182A11AF00E9645B /* Build configuration list for PBXNativeTarget "BiggestServer" */ = {
			isa = XCConfigurationList;
			buildConfigurations = (
				953BCDDB182A11AF00E9645B /* Debug */,
				953BCDDC182A11AF00E9645B /* Release */,
			);
			defaultConfigurationIsVisible = 0;
			defaultConfigurationName = Release;
		};
/* End XCConfigurationList section */
	};
	rootObject = 953BCDC7182A11AF00E9645B /* Project object */;
}
